
Microsoft Visual Studio Solution File, Format Version 12.00
# Visual Studio Version 17
VisualStudioVersion = 17.0.31903.59
MinimumVisualStudioVersion = 10.0.40219.1
Project("{FAE04EC0-301F-11D3-BF4B-00C04F79EFBC}") = "GraphmirSharp", "GraphmirSharp\GraphmirSharp.csproj", "{4A236F0E-3C9E-4FEE-88D3-F53CE8AB8BA9}"
EndProject
Project("{FAE04EC0-301F-11D3-BF4B-00C04F79EFBC}") = "GraphmirSharpTest", "GraphmirSharpTest\GraphmirSharpTest.csproj", "{1946EE86-9F78-4377-9BA5-6BD92A9F5B90}"
EndProject
Global
	GlobalSection(SolutionConfigurationPlatforms) = preSolution
		Debug|Any CPU = Debug|Any CPU
		Release|Any CPU = Release|Any CPU
	EndGlobalSection
	GlobalSection(SolutionProperties) = preSolution
		HideSolutionNode = FALSE
	EndGlobalSection
	GlobalSection(ProjectConfigurationPlatforms) = postSolution
		{4A236F0E-3C9E-4FEE-88D3-F53CE8AB8BA9}.Debug|Any CPU.ActiveCfg = Debug|Any CPU
		{4A236F0E-3C9E-4FEE-88D3-F53CE8AB8BA9}.Debug|Any CPU.Build.0 = Debug|Any CPU
		{4A236F0E-3C9E-4FEE-88D3-F53CE8AB8BA9}.Release|Any CPU.ActiveCfg = Release|Any CPU
		{4A236F0E-3C9E-4FEE-88D3-F53CE8AB8BA9}.Release|Any CPU.Build.0 = Release|Any CPU
		{1946EE86-9F78-4377-9BA5-6BD92A9F5B90}.Debug|Any CPU.ActiveCfg = Debug|Any CPU
		{1946EE86-9F78-4377-9BA5-6BD92A9F5B90}.Debug|Any CPU.Build.0 = Debug|Any CPU
		{1946EE86-9F78-4377-9BA5-6BD92A9F5B90}.Release|Any CPU.ActiveCfg = Release|Any CPU
		{1946EE86-9F78-4377-9BA5-6BD92A9F5B90}.Release|Any CPU.Build.0 = Release|Any CPU
	EndGlobalSection
EndGlobal
